
Microsoft Visual Studio Solution File, Format Version 12.00
# Visual Studio Version 16
VisualStudioVersion = 16.0.31005.135
MinimumVisualStudioVersion = 10.0.40219.1
Project("{9A19103F-16F7-4668-BE54-9A1E7A4F7556}") = "BlazorWebDemo", "BlazorWebDemo\BlazorWebDemo.csproj", "{18595EE3-4A3B-4A96-9B02-FCD8BBF5DF90}"
EndProject
Global
	GlobalSection(SolutionConfigurationPlatforms) = preSolution
		Debug|Any CPU = Debug|Any CPU
		Release|Any CPU = Release|Any CPU
	EndGlobalSection
	GlobalSection(ProjectConfigurationPlatforms) = postSolution
		{18595EE3-4A3B-4A96-9B02-FCD8BBF5DF90}.Debug|Any CPU.ActiveCfg = Debug|Any CPU
		{18595EE3-4A3B-4A96-9B02-FCD8BBF5DF90}.Debug|Any CPU.Build.0 = Debug|Any CPU
		{18595EE3-4A3B-4A96-9B02-FCD8BBF5DF90}.Release|Any CPU.ActiveCfg = Release|Any CPU
		{18595EE3-4A3B-4A96-9B02-FCD8BBF5DF90}.Release|Any CPU.Build.0 = Release|Any CPU
	EndGlobalSection
	GlobalSection(SolutionProperties) = preSolution
		HideSolutionNode = FALSE
	EndGlobalSection
	GlobalSection(ExtensibilityGlobals) = postSolution
		SolutionGuid = {1DC9684B-260F-47C7-B376-2275B78366F6}
	EndGlobalSection
EndGlobal
